
Microsoft Visual Studio Solution File, Format Version 12.00
# Visual Studio Version 16
VisualStudioVersion = 16.0.31702.278
MinimumVisualStudioVersion = 10.0.40219.1
Project("{9A19103F-16F7-4668-BE54-9A1E7A4F7556}") = "MTCG", "MTCG\MTCG.csproj", "{6802E616-5C30-4E10-8A4F-6A4044BF84A6}"
EndProject
Global
	GlobalSection(SolutionConfigurationPlatforms) = preSolution
		Debug|Any CPU = Debug|Any CPU
		Release|Any CPU = Release|Any CPU
	EndGlobalSection
	GlobalSection(ProjectConfigurationPlatforms) = postSolution
		{6802E616-5C30-4E10-8A4F-6A4044BF84A6}.Debug|Any CPU.ActiveCfg = Debug|Any CPU
		{6802E616-5C30-4E10-8A4F-6A4044BF84A6}.Debug|Any CPU.Build.0 = Debug|Any CPU
		{6802E616-5C30-4E10-8A4F-6A4044BF84A6}.Release|Any CPU.ActiveCfg = Release|Any CPU
		{6802E616-5C30-4E10-8A4F-6A4044BF84A6}.Release|Any CPU.Build.0 = Release|Any CPU
	EndGlobalSection
	GlobalSection(SolutionProperties) = preSolution
		HideSolutionNode = FALSE
	EndGlobalSection
	GlobalSection(ExtensibilityGlobals) = postSolution
		SolutionGuid = {36D40FD5-D38A-4C6C-9123-87B7D20AF5AD}
	EndGlobalSection
EndGlobal
